{
  "lockfile_version": "1",
  "packages": {
    "libyaml@latest": {
      "last_modified": "2024-11-28T07:51:56Z",
      "resolved": "github:NixOS/nixpkgs/226216574ada4c3ecefcbbec41f39ce4655f78ef#libyaml",
      "source": "devbox-search",
      "version": "0.2.5",
      "systems": {
        "aarch64-darwin": {
          "outputs": [
            {
              "name": "out",
              "path": "/nix/store/hb829kkyldkg58w0bdr4qfl89rnw4ck6-libyaml-0.2.5",
              "default": true
            },
            {
              "name": "dev",
              "path": "/nix/store/qfl6i5zl2xy96xq1fynnamaqrax8qrfq-libyaml-0.2.5-dev"
            }
          ],
          "store_path": "/nix/store/hb829kkyldkg58w0bdr4qfl89rnw4ck6-libyaml-0.2.5"
        },
        "aarch64-linux": {
          "outputs": [
            {
              "name": "out",
              "path": "/nix/store/zpifacr64w4akb6ykvcqp7plx2cybxl4-libyaml-0.2.5",
              "default": true
            },
            {
              "name": "dev",
              "path": "/nix/store/5zhvh8ld0hdn0akr4b27lr7rdzq9y9da-libyaml-0.2.5-dev"
            }
          ],
          "store_path": "/nix/store/zpifacr64w4akb6ykvcqp7plx2cybxl4-libyaml-0.2.5"
        },
        "x86_64-darwin": {
          "outputs": [
            {
              "name": "out",
              "path": "/nix/store/bgw1k7sg5rahw407mklqqnfhmxrw75ns-libyaml-0.2.5",
              "default": true
            },
            {
              "name": "dev",
              "path": "/nix/store/d47hgv5k65gkm4y8s68ll9bz4m8ac3jb-libyaml-0.2.5-dev"
            }
          ],
          "store_path": "/nix/store/bgw1k7sg5rahw407mklqqnfhmxrw75ns-libyaml-0.2.5"
        },
        "x86_64-linux": {
          "outputs": [
            {
              "name": "out",
              "path": "/nix/store/9m4nrjik2837143iins0hlbnr7cs7psf-libyaml-0.2.5",
              "default": true
            },
            {
              "name": "dev",
              "path": "/nix/store/35ch73iqqbywckwrr872mq6k3m9n4fs8-libyaml-0.2.5-dev"
            }
          ],
          "store_path": "/nix/store/9m4nrjik2837143iins0hlbnr7cs7psf-libyaml-0.2.5"
        }
      }
    },
    "rubyPackages_3_2.psych@latest": {
      "last_modified": "2024-11-28T07:51:56Z",
      "resolved": "github:NixOS/nixpkgs/226216574ada4c3ecefcbbec41f39ce4655f78ef#rubyPackages_3_2.psych",
      "source": "devbox-search",
      "version": "5.1.2",
      "systems": {
        "aarch64-darwin": {
          "outputs": [
            {
              "name": "out",
              "path": "/nix/store/32mhsxk7jv51nar4r2kkprlvwn54192k-ruby3.2-psych-5.1.2",
              "default": true
            }
          ],
          "store_path": "/nix/store/32mhsxk7jv51nar4r2kkprlvwn54192k-ruby3.2-psych-5.1.2"
        },
        "aarch64-linux": {
          "outputs": [
            {
              "name": "out",
              "path": "/nix/store/0cn86zzwhmag973nxfc9d3ds9dbr6mqd-ruby3.2-psych-5.1.2",
              "default": true
            }
          ],
          "store_path": "/nix/store/0cn86zzwhmag973nxfc9d3ds9dbr6mqd-ruby3.2-psych-5.1.2"
        },
        "x86_64-darwin": {
          "outputs": [
            {
              "name": "out",
              "path": "/nix/store/6wsvxvi2fax945xqzyrvmf4vgxp7vrln-ruby3.2-psych-5.1.2",
              "default": true
            }
          ],
          "store_path": "/nix/store/6wsvxvi2fax945xqzyrvmf4vgxp7vrln-ruby3.2-psych-5.1.2"
        },
        "x86_64-linux": {
          "outputs": [
            {
              "name": "out",
              "path": "/nix/store/abhsv934n2cpwbvs05rzamw43aw58lkn-ruby3.2-psych-5.1.2",
              "default": true
            }
          ],
          "store_path": "/nix/store/abhsv934n2cpwbvs05rzamw43aw58lkn-ruby3.2-psych-5.1.2"
        }
      }
    },
    "ruby_3_2@latest": {
      "last_modified": "2024-12-03T12:40:06Z",
      "plugin_version": "0.0.2",
      "resolved": "github:NixOS/nixpkgs/566e53c2ad750c84f6d31f9ccb9d00f823165550#ruby_3_2",
      "source": "devbox-search",
      "version": "3.2.6",
      "systems": {
        "aarch64-darwin": {
          "outputs": [
            {
              "name": "out",
              "path": "/nix/store/r18d6nwgm3g3962r38ig9vv14g37z5n4-ruby-3.2.6",
              "default": true
            },
            {
              "name": "devdoc",
              "path": "/nix/store/k3aw80r8f294bhb07n7cqi5135rfn3s1-ruby-3.2.6-devdoc"
            }
          ],
          "store_path": "/nix/store/r18d6nwgm3g3962r38ig9vv14g37z5n4-ruby-3.2.6"
        },
        "aarch64-linux": {
          "outputs": [
            {
              "name": "out",
              "path": "/nix/store/jlva87lwmlicqg9c57j9b5kpx768vj4m-ruby-3.2.6",
              "default": true
            },
            {
              "name": "devdoc",
              "path": "/nix/store/q1yazygn6jjwbszbb7hhdgm6q8n40prn-ruby-3.2.6-devdoc"
            }
          ],
          "store_path": "/nix/store/jlva87lwmlicqg9c57j9b5kpx768vj4m-ruby-3.2.6"
        },
        "x86_64-darwin": {
          "outputs": [
            {
              "name": "out",
              "path": "/nix/store/99wgz2kca2df8xjspf318ivirlfchs6r-ruby-3.2.6",
              "default": true
            },
            {
              "name": "devdoc",
              "path": "/nix/store/nba9mc5wynx0j8yy5jf66pam636w7kfc-ruby-3.2.6-devdoc"
            }
          ],
          "store_path": "/nix/store/99wgz2kca2df8xjspf318ivirlfchs6r-ruby-3.2.6"
        },
        "x86_64-linux": {
          "outputs": [
            {
              "name": "out",
              "path": "/nix/store/k7rn39ipkirv9gb842klym88gs6rjdaa-ruby-3.2.6",
              "default": true
            },
            {
              "name": "devdoc",
              "path": "/nix/store/1fgcd8nai9xlkqjws1ab9hs8zrlv51hn-ruby-3.2.6-devdoc"
            }
          ],
          "store_path": "/nix/store/k7rn39ipkirv9gb842klym88gs6rjdaa-ruby-3.2.6"
        }
      }
    }
  }
}
